
Microsoft Visual Studio Solution File, Format Version 12.00
# Visual Studio Version 17
VisualStudioVersion = 17.13.35931.197
MinimumVisualStudioVersion = 10.0.40219.1
Project("{FAE04EC0-301F-11D3-BF4B-00C04F79EFBC}") = "TestBlazorApp1", "TestBlazorApp1\TestBlazorApp1.csproj", "{7249E66B-55CF-4923-A57E-8E2D03F6ED44}"
EndProject
Global
	GlobalSection(SolutionConfigurationPlatforms) = preSolution
		Debug|Any CPU = Debug|Any CPU
		Release|Any CPU = Release|Any CPU
	EndGlobalSection
	GlobalSection(ProjectConfigurationPlatforms) = postSolution
		{7249E66B-55CF-4923-A57E-8E2D03F6ED44}.Debug|Any CPU.ActiveCfg = Debug|Any CPU
		{7249E66B-55CF-4923-A57E-8E2D03F6ED44}.Debug|Any CPU.Build.0 = Debug|Any CPU
		{7249E66B-55CF-4923-A57E-8E2D03F6ED44}.Release|Any CPU.ActiveCfg = Release|Any CPU
		{7249E66B-55CF-4923-A57E-8E2D03F6ED44}.Release|Any CPU.Build.0 = Release|Any CPU
	EndGlobalSection
	GlobalSection(SolutionProperties) = preSolution
		HideSolutionNode = FALSE
	EndGlobalSection
	GlobalSection(ExtensibilityGlobals) = postSolution
		SolutionGuid = {04657AF9-EC87-4F04-9223-62A1F37CDCA7}
	EndGlobalSection
EndGlobal
